PODS:
  - Alamofire (4.5.1)
  - Decodable (0.6.0)
  - OHHTTPStubs/Core (6.0.0)
  - OHHTTPStubs/Default (6.0.0):
    - OHHTTPStubs/Core
    - OHHTTPStubs/JSON
    - OHHTTPStubs/NSURLSession
    - OHHTTPStubs/OHPathHelpers
  - OHHTTPStubs/JSON (6.0.0):
    - OHHTTPStubs/Core
  - OHHTTPStubs/NSURLSession (6.0.0):
    - OHHTTPStubs/Core
  - OHHTTPStubs/OHPathHelpers (6.0.0)
  - OHHTTPStubs/Swift (6.0.0):
    - OHHTTPStubs/Default
  - Reusable (4.0.1):
    - Reusable/Storyboard (= 4.0.1)
    - Reusable/View (= 4.0.1)
  - Reusable/Storyboard (4.0.1)
  - Reusable/View (4.0.1)
  - SWHttpTrafficRecorder (1.0.2)

DEPENDENCIES:
  - Alamofire (~> 4.5)
  - Decodable (~> 0.6.0)
  - OHHTTPStubs/Swift
  - Reusable (from `https://github.com/AliSoftware/Reusable.git`, commit `62a4628`)
  - SWHttpTrafficRecorder

EXTERNAL SOURCES:
  Reusable:
    :commit: 62a4628
    :git: https://github.com/AliSoftware/Reusable.git

CHECKOUT OPTIONS:
  Reusable:
    :commit: 62a4628
    :git: https://github.com/AliSoftware/Reusable.git

SPEC CHECKSUMS:
  Alamofire: 2d95912bf4c34f164fdfc335872e8c312acaea4a
  Decodable: f0b95fa2fcf8633dd097aa8f7f09838ab3524f5d
  OHHTTPStubs: 752f9b11fd810a15162d50f11c06ff94f8e012eb
  Reusable: 3531383aa0f4ed12aed3c68546332b25b84889aa
  SWHttpTrafficRecorder: 6c0804d3f8edf9c7f3a1e0eec9f6bf5e4b241b9f

PODFILE CHECKSUM: b1806a4d3dc47d10ccca6ee1762ca6699dd96ca5

COCOAPODS: 1.3.1
